
Microsoft Visual Studio Solution File, Format Version 12.00
# Visual Studio Version 17
VisualStudioVersion = 17.3.32922.545
MinimumVisualStudioVersion = 10.0.40219.1
Project("{FAE04EC0-301F-11D3-BF4B-00C04F79EFBC}") = "WorldwideCityGenerator", "WorldwideCityGenerator\WorldwideCityGenerator.csproj", "{78529968-C06C-4572-A2E5-878E756B147C}"
EndProject
Global
	GlobalSection(SolutionConfigurationPlatforms) = preSolution
		Debug|Any CPU = Debug|Any CPU
		Release|Any CPU = Release|Any CPU
	EndGlobalSection
	GlobalSection(ProjectConfigurationPlatforms) = postSolution
		{78529968-C06C-4572-A2E5-878E756B147C}.Debug|Any CPU.ActiveCfg = Debug|Any CPU
		{78529968-C06C-4572-A2E5-878E756B147C}.Debug|Any CPU.Build.0 = Debug|Any CPU
		{78529968-C06C-4572-A2E5-878E756B147C}.Release|Any CPU.ActiveCfg = Release|Any CPU
		{78529968-C06C-4572-A2E5-878E756B147C}.Release|Any CPU.Build.0 = Release|Any CPU
	EndGlobalSection
	GlobalSection(SolutionProperties) = preSolution
		HideSolutionNode = FALSE
	EndGlobalSection
	GlobalSection(ExtensibilityGlobals) = postSolution
		SolutionGuid = {AFCA1DD7-D605-4A2D-BC6D-ADEEFE92D5E2}
	EndGlobalSection
EndGlobal
